// !$*UTF8*$!
{
	archiveVersion = 1;
	classes = {
	};
	objectVersion = 55;
	objects = {

/* Begin PBXBuildFile section */
		DA433447274306DA0000A4FB /* LocationProvider.swift in Sources */ = {isa = PBXBuildFile; fileRef = DA433446274306DA0000A4FB /* LocationProvider.swift */; };
		DA43344D27430C4E0000A4FB /* DistanceViewController.swift in Sources */ = {isa = PBXBuildFile; fileRef = DA43344C27430C4E0000A4FB /* DistanceViewController.swift */; };
		DA58622E2743585D00D3E984 /* FileManagerExtension.swift in Sources */ = {isa = PBXBuildFile; fileRef = DA58622D2743585D00D3E984 /* FileManagerExtension.swift */; };
		DA5862302743630500D3E984 /* Constants.swift in Sources */ = {isa = PBXBuildFile; fileRef = DA58622F2743630500D3E984 /* Constants.swift */; };
		DADBCEC927424BAD00E5CD51 /* AppDelegate.swift in Sources */ = {isa = PBXBuildFile; fileRef = DADBCEC827424BAD00E5CD51 /* AppDelegate.swift */; };
		DADBCECB27424BAD00E5CD51 /* Scene.sks in Resources */ = {isa = PBXBuildFile; fileRef = DADBCECA27424BAD00E5CD51 /* Scene.sks */; };
		DADBCECD27424BAD00E5CD51 /* Scene.swift in Sources */ = {isa = PBXBuildFile; fileRef = DADBCECC27424BAD00E5CD51 /* Scene.swift */; };
		DADBCECF27424BAD00E5CD51 /* ARViewController.swift in Sources */ = {isa = PBXBuildFile; fileRef = DADBCECE27424BAD00E5CD51 /* ARViewController.swift */; };
		DADBCED227424BAD00E5CD51 /* Main.storyboard in Resources */ = {isa = PBXBuildFile; fileRef = DADBCED027424BAD00E5CD51 /* Main.storyboard */; };
		DADBCED427424BAF00E5CD51 /* Assets.xcassets in Resources */ = {isa = PBXBuildFile; fileRef = DADBCED327424BAF00E5CD51 /* Assets.xcassets */; };
		DADBCED727424BAF00E5CD51 /* LaunchScreen.storyboard in Resources */ = {isa = PBXBuildFile; fileRef = DADBCED527424BAF00E5CD51 /* LaunchScreen.storyboard */; };
		DADBCEDF27424CC600E5CD51 /* LogStore in Frameworks */ = {isa = PBXBuildFile; productRef = DADBCEDE27424CC600E5CD51 /* LogStore */; };
/* End PBXBuildFile section */

/* Begin PBXFileReference section */
		DA433446274306DA0000A4FB /* LocationProvider.swift */ = {isa = PBXFileReference; lastKnownFileType = sourcecode.swift; path = LocationProvider.swift; sourceTree = "<group>"; };
		DA43344C27430C4E0000A4FB /* DistanceViewController.swift */ = {isa = PBXFileReference; lastKnownFileType = sourcecode.swift; path = DistanceViewController.swift; sourceTree = "<group>"; };
		DA58622D2743585D00D3E984 /* FileManagerExtension.swift */ = {isa = PBXFileReference; lastKnownFileType = sourcecode.swift; path = FileManagerExtension.swift; sourceTree = "<group>"; };
		DA58622F2743630500D3E984 /* Constants.swift */ = {isa = PBXFileReference; lastKnownFileType = sourcecode.swift; path = Constants.swift; sourceTree = "<group>"; };
		DADBCEC527424BAD00E5CD51 /* ScavengerHunt.app */ = {isa = PBXFileReference; explicitFileType = wrapper.application; includeInIndex = 0; path = ScavengerHunt.app; sourceTree = BUILT_PRODUCTS_DIR; };
		DADBCEC827424BAD00E5CD51 /* AppDelegate.swift */ = {isa = PBXFileReference; lastKnownFileType = sourcecode.swift; path = AppDelegate.swift; sourceTree = "<group>"; };
		DADBCECA27424BAD00E5CD51 /* Scene.sks */ = {isa = PBXFileReference; lastKnownFileType = file.sks; path = Scene.sks; sourceTree = "<group>"; };
		DADBCECC27424BAD00E5CD51 /* Scene.swift */ = {isa = PBXFileReference; lastKnownFileType = sourcecode.swift; path = Scene.swift; sourceTree = "<group>"; };
		DADBCECE27424BAD00E5CD51 /* ARViewController.swift */ = {isa = PBXFileReference; lastKnownFileType = sourcecode.swift; path = ARViewController.swift; sourceTree = "<group>"; };
		DADBCED127424BAD00E5CD51 /* Base */ = {isa = PBXFileReference; lastKnownFileType = file.storyboard; name = Base; path = Base.lproj/Main.storyboard; sourceTree = "<group>"; };
		DADBCED327424BAF00E5CD51 /* Assets.xcassets */ = {isa = PBXFileReference; lastKnownFileType = folder.assetcatalog; path = Assets.xcassets; sourceTree = "<group>"; };
		DADBCED627424BAF00E5CD51 /* Base */ = {isa = PBXFileReference; lastKnownFileType = file.storyboard; name = Base; path = Base.lproj/LaunchScreen.storyboard; sourceTree = "<group>"; };
/* End PBXFileReference section */

/* Begin PBXFrameworksBuildPhase section */
		DADBCEC227424BAD00E5CD51 /* Frameworks */ = {
			isa = PBXFrameworksBuildPhase;
			buildActionMask = 2147483647;
			files = (
				DADBCEDF27424CC600E5CD51 /* LogStore in Frameworks */,
			);
			runOnlyForDeploymentPostprocessing = 0;
		};
/* End PBXFrameworksBuildPhase section */

/* Begin PBXGroup section */
		DADBCEBC27424BAD00E5CD51 = {
			isa = PBXGroup;
			children = (
				DADBCEC727424BAD00E5CD51 /* ScavengerHunt */,
				DADBCEC627424BAD00E5CD51 /* Products */,
			);
			sourceTree = "<group>";
		};
		DADBCEC627424BAD00E5CD51 /* Products */ = {
			isa = PBXGroup;
			children = (
				DADBCEC527424BAD00E5CD51 /* ScavengerHunt.app */,
			);
			name = Products;
			sourceTree = "<group>";
		};
		DADBCEC727424BAD00E5CD51 /* ScavengerHunt */ = {
			isa = PBXGroup;
			children = (
				DADBCEC827424BAD00E5CD51 /* AppDelegate.swift */,
				DADBCECA27424BAD00E5CD51 /* Scene.sks */,
				DADBCECC27424BAD00E5CD51 /* Scene.swift */,
				DA58622F2743630500D3E984 /* Constants.swift */,
				DADBCECE27424BAD00E5CD51 /* ARViewController.swift */,
				DA43344C27430C4E0000A4FB /* DistanceViewController.swift */,
				DA58622D2743585D00D3E984 /* FileManagerExtension.swift */,
				DA433446274306DA0000A4FB /* LocationProvider.swift */,
				DADBCED027424BAD00E5CD51 /* Main.storyboard */,
				DADBCED327424BAF00E5CD51 /* Assets.xcassets */,
				DADBCED527424BAF00E5CD51 /* LaunchScreen.storyboard */,
			);
			path = ScavengerHunt;
			sourceTree = "<group>";
		};
/* End PBXGroup section */

/* Begin PBXNativeTarget section */
		DADBCEC427424BAD00E5CD51 /* ScavengerHunt */ = {
			isa = PBXNativeTarget;
			buildConfigurationList = DADBCEDA27424BAF00E5CD51 /* Build configuration list for PBXNativeTarget "ScavengerHunt" */;
			buildPhases = (
				DADBCEC127424BAD00E5CD51 /* Sources */,
				DADBCEC227424BAD00E5CD51 /* Frameworks */,
				DADBCEC327424BAD00E5CD51 /* Resources */,
			);
			buildRules = (
			);
			dependencies = (
			);
			name = ScavengerHunt;
			packageProductDependencies = (
				DADBCEDE27424CC600E5CD51 /* LogStore */,
			);
			productName = ScavengerHunt;
			productReference = DADBCEC527424BAD00E5CD51 /* ScavengerHunt.app */;
			productType = "com.apple.product-type.application";
		};
/* End PBXNativeTarget section */

/* Begin PBXProject section */
		DADBCEBD27424BAD00E5CD51 /* Project object */ = {
			isa = PBXProject;
			attributes = {
				BuildIndependentTargetsInParallel = 1;
				LastSwiftUpdateCheck = 1310;
				LastUpgradeCheck = 1310;
				TargetAttributes = {
					DADBCEC427424BAD00E5CD51 = {
						CreatedOnToolsVersion = 13.1;
					};
				};
			};
			buildConfigurationList = DADBCEC027424BAD00E5CD51 /* Build configuration list for PBXProject "ScavengerHunt" */;
			compatibilityVersion = "Xcode 13.0";
			developmentRegion = en;
			hasScannedForEncodings = 0;
			knownRegions = (
				en,
				Base,
			);
			mainGroup = DADBCEBC27424BAD00E5CD51;
			packageReferences = (
				DADBCEDD27424CC600E5CD51 /* XCRemoteSwiftPackageReference "LogStore" */,
			);
			productRefGroup = DADBCEC627424BAD00E5CD51 /* Products */;
			projectDirPath = "";
			projectRoot = "";
			targets = (
				DADBCEC427424BAD00E5CD51 /* ScavengerHunt */,
			);
		};
/* End PBXProject section */

/* Begin PBXResourcesBuildPhase section */
		DADBCEC327424BAD00E5CD51 /* Resources */ = {
			isa = PBXResourcesBuildPhase;
			buildActionMask = 2147483647;
			files = (
				DADBCECB27424BAD00E5CD51 /* Scene.sks in Resources */,
				DADBCED727424BAF00E5CD51 /* LaunchScreen.storyboard in Resources */,
				DADBCED427424BAF00E5CD51 /* Assets.xcassets in Resources */,
				DADBCED227424BAD00E5CD51 /* Main.storyboard in Resources */,
			);
			runOnlyForDeploymentPostprocessing = 0;
		};
/* End PBXResourcesBuildPhase section */

/* Begin PBXSourcesBuildPhase section */
		DADBCEC127424BAD00E5CD51 /* Sources */ = {
			isa = PBXSourcesBuildPhase;
			buildActionMask = 2147483647;
			files = (
				DADBCECF27424BAD00E5CD51 /* ARViewController.swift in Sources */,
				DA58622E2743585D00D3E984 /* FileManagerExtension.swift in Sources */,
				DA433447274306DA0000A4FB /* LocationProvider.swift in Sources */,
				DADBCECD27424BAD00E5CD51 /* Scene.swift in Sources */,
				DA5862302743630500D3E984 /* Constants.swift in Sources */,
				DA43344D27430C4E0000A4FB /* DistanceViewController.swift in Sources */,
				DADBCEC927424BAD00E5CD51 /* AppDelegate.swift in Sources */,
			);
			runOnlyForDeploymentPostprocessing = 0;
		};
/* End PBXSourcesBuildPhase section */

/* Begin PBXVariantGroup section */
		DADBCED027424BAD00E5CD51 /* Main.storyboard */ = {
			isa = PBXVariantGroup;
			children = (
				DADBCED127424BAD00E5CD51 /* Base */,
			);
			name = Main.storyboard;
			sourceTree = "<group>";
		};
		DADBCED527424BAF00E5CD51 /* LaunchScreen.storyboard */ = {
			isa = PBXVariantGroup;
			children = (
				DADBCED627424BAF00E5CD51 /* Base */,
			);
			name = LaunchScreen.storyboard;
			sourceTree = "<group>";
		};
/* End PBXVariantGroup section */

/* Begin XCBuildConfiguration section */
		DADBCED827424BAF00E5CD51 /* Debug */ = {
			isa = XCBuildConfiguration;
			buildSettings = {
				ALWAYS_SEARCH_USER_PATHS = NO;
				CLANG_ANALYZER_NONNULL = YES;
				CLANG_ANALYZER_NUMBER_OBJECT_CONVERSION = YES_AGGRESSIVE;
				CLANG_CXX_LANGUAGE_STANDARD = "gnu++17";
				CLANG_CXX_LIBRARY = "libc++";
				CLANG_ENABLE_MODULES = YES;
				CLANG_ENABLE_OBJC_ARC = YES;
				CLANG_ENABLE_OBJC_WEAK = YES;
				CLANG_WARN_BLOCK_CAPTURE_AUTORELEASING = YES;
				CLANG_WARN_BOOL_CONVERSION = YES;
				CLANG_WARN_COMMA = YES;
				CLANG_WARN_CONSTANT_CONVERSION = YES;
				CLANG_WARN_DEPRECATED_OBJC_IMPLEMENTATIONS = YES;
				CLANG_WARN_DIRECT_OBJC_ISA_USAGE = YES_ERROR;
				CLANG_WARN_DOCUMENTATION_COMMENTS = YES;
				CLANG_WARN_EMPTY_BODY = YES;
				CLANG_WARN_ENUM_CONVERSION = YES;
				CLANG_WARN_INFINITE_RECURSION = YES;
				CLANG_WARN_INT_CONVERSION = YES;
				CLANG_WARN_NON_LITERAL_NULL_CONVERSION = YES;
				CLANG_WARN_OBJC_IMPLICIT_RETAIN_SELF = YES;
				CLANG_WARN_OBJC_LITERAL_CONVERSION = YES;
				CLANG_WARN_OBJC_ROOT_CLASS = YES_ERROR;
				CLANG_WARN_QUOTED_INCLUDE_IN_FRAMEWORK_HEADER = YES;
				CLANG_WARN_RANGE_LOOP_ANALYSIS = YES;
				CLANG_WARN_STRICT_PROTOTYPES = YES;
				CLANG_WARN_SUSPICIOUS_MOVE = YES;
				CLANG_WARN_UNGUARDED_AVAILABILITY = YES_AGGRESSIVE;
				CLANG_WARN_UNREACHABLE_CODE = YES;
				CLANG_WARN__DUPLICATE_METHOD_MATCH = YES;
				COPY_PHASE_STRIP = NO;
				DEBUG_INFORMATION_FORMAT = dwarf;
				ENABLE_STRICT_OBJC_MSGSEND = YES;
				ENABLE_TESTABILITY = YES;
				GCC_C_LANGUAGE_STANDARD = gnu11;
				GCC_DYNAMIC_NO_PIC = NO;
				GCC_NO_COMMON_BLOCKS = YES;
				GCC_OPTIMIZATION_LEVEL = 0;
				GCC_PREPROCESSOR_DEFINITIONS = (
					"DEBUG=1",
					"$(inherited)",
				);
				GCC_WARN_64_TO_32_BIT_CONVERSION = YES;
				GCC_WARN_ABOUT_RETURN_TYPE = YES_ERROR;
				GCC_WARN_UNDECLARED_SELECTOR = YES;
				GCC_WARN_UNINITIALIZED_AUTOS = YES_AGGRESSIVE;
				GCC_WARN_UNUSED_FUNCTION = YES;
				GCC_WARN_UNUSED_VARIABLE = YES;
				IPHONEOS_DEPLOYMENT_TARGET = 15.0;
				MTL_ENABLE_DEBUG_INFO = INCLUDE_SOURCE;
				MTL_FAST_MATH = YES;
				ONLY_ACTIVE_ARCH = YES;
				SDKROOT = iphoneos;
				SWIFT_ACTIVE_COMPILATION_CONDITIONS = DEBUG;
				SWIFT_OPTIMIZATION_LEVEL = "-Onone";
			};
			name = Debug;
		};
		DADBCED927424BAF00E5CD51 /* Release */ = {
			isa = XCBuildConfiguration;
			buildSettings = {
				ALWAYS_SEARCH_USER_PATHS = NO;
				CLANG_ANALYZER_NONNULL = YES;
				CLANG_ANALYZER_NUMBER_OBJECT_CONVERSION = YES_AGGRESSIVE;
				CLANG_CXX_LANGUAGE_STANDARD = "gnu++17";
				CLANG_CXX_LIBRARY = "libc++";
				CLANG_ENABLE_MODULES = YES;
				CLANG_ENABLE_OBJC_ARC = YES;
				CLANG_ENABLE_OBJC_WEAK = YES;
				CLANG_WARN_BLOCK_CAPTURE_AUTORELEASING = YES;
				CLANG_WARN_BOOL_CONVERSION = YES;
				CLANG_WARN_COMMA = YES;
				CLANG_WARN_CONSTANT_CONVERSION = YES;
				CLANG_WARN_DEPRECATED_OBJC_IMPLEMENTATIONS = YES;
				CLANG_WARN_DIRECT_OBJC_ISA_USAGE = YES_ERROR;
				CLANG_WARN_DOCUMENTATION_COMMENTS = YES;
				CLANG_WARN_EMPTY_BODY = YES;
				CLANG_WARN_ENUM_CONVERSION = YES;
				CLANG_WARN_INFINITE_RECURSION = YES;
				CLANG_WARN_INT_CONVERSION = YES;
				CLANG_WARN_NON_LITERAL_NULL_CONVERSION = YES;
				CLANG_WARN_OBJC_IMPLICIT_RETAIN_SELF = YES;
				CLANG_WARN_OBJC_LITERAL_CONVERSION = YES;
				CLANG_WARN_OBJC_ROOT_CLASS = YES_ERROR;
				CLANG_WARN_QUOTED_INCLUDE_IN_FRAMEWORK_HEADER = YES;
				CLANG_WARN_RANGE_LOOP_ANALYSIS = YES;
				CLANG_WARN_STRICT_PROTOTYPES = YES;
				CLANG_WARN_SUSPICIOUS_MOVE = YES;
				CLANG_WARN_UNGUARDED_AVAILABILITY = YES_AGGRESSIVE;
				CLANG_WARN_UNREACHABLE_CODE = YES;
				CLANG_WARN__DUPLICATE_METHOD_MATCH = YES;
				COPY_PHASE_STRIP = NO;
				DEBUG_INFORMATION_FORMAT = "dwarf-with-dsym";
				ENABLE_NS_ASSERTIONS = NO;
				ENABLE_STRICT_OBJC_MSGSEND = YES;
				GCC_C_LANGUAGE_STANDARD = gnu11;
				GCC_NO_COMMON_BLOCKS = YES;
				GCC_WARN_64_TO_32_BIT_CONVERSION = YES;
				GCC_WARN_ABOUT_RETURN_TYPE = YES_ERROR;
				GCC_WARN_UNDECLARED_SELECTOR = YES;
				GCC_WARN_UNINITIALIZED_AUTOS = YES_AGGRESSIVE;
				GCC_WARN_UNUSED_FUNCTION = YES;
				GCC_WARN_UNUSED_VARIABLE = YES;
				IPHONEOS_DEPLOYMENT_TARGET = 15.0;
				MTL_ENABLE_DEBUG_INFO = NO;
				MTL_FAST_MATH = YES;
				SDKROOT = iphoneos;
				SWIFT_COMPILATION_MODE = wholemodule;
				SWIFT_OPTIMIZATION_LEVEL = "-O";
				VALIDATE_PRODUCT = YES;
			};
			name = Release;
		};
		DADBCEDB27424BAF00E5CD51 /* Debug */ = {
			isa = XCBuildConfiguration;
			buildSettings = {
				ASSETCATALOG_COMPILER_APPICON_NAME = AppIcon;
				ASSETCATALOG_COMPILER_GLOBAL_ACCENT_COLOR_NAME = AccentColor;
				CODE_SIGN_STYLE = Automatic;
				CURRENT_PROJECT_VERSION = 1;
				DEVELOPMENT_TEAM = 5GK84AB28K;
				GENERATE_INFOPLIST_FILE = YES;
				INFOPLIST_KEY_NSCameraUsageDescription = "Program requires camera to annotate location";
				INFOPLIST_KEY_NSLocationAlwaysUsageDescription = "Program requires GPS to track location";
				INFOPLIST_KEY_NSLocationUsageDescription = "Program requires GPS to track location";
				INFOPLIST_KEY_NSLocationWhenInUseUsageDescription = "Program requires GPS to track location";
				INFOPLIST_KEY_UIApplicationSupportsIndirectInputEvents = YES;
				INFOPLIST_KEY_UILaunchStoryboardName = LaunchScreen;
				INFOPLIST_KEY_UIMainStoryboardFile = Main;
				INFOPLIST_KEY_UIRequiredDeviceCapabilities = arkit;
				INFOPLIST_KEY_UIStatusBarHidden = YES;
				INFOPLIST_KEY_UISupportedInterfaceOrientations_iPad = "UIInterfaceOrientationPortrait UIInterfaceOrientationPortraitUpsideDown UIInterfaceOrientationLandscapeLeft UIInterfaceOrientationLandscapeRight";
				INFOPLIST_KEY_UISupportedInterfaceOrientations_iPhone = "UIInterfaceOrientationPortrait UIInterfaceOrientationLandscapeLeft UIInterfaceOrientationLandscapeRight";
				LD_RUNPATH_SEARCH_PATHS = (
					"$(inherited)",
					"@executable_path/Frameworks",
				);
				MARKETING_VERSION = 1.0;
				PRODUCT_BUNDLE_IDENTIFIER = co.aerialstring.ScavengerHunt;
				PRODUCT_NAME = "$(TARGET_NAME)";
				SWIFT_EMIT_LOC_STRINGS = YES;
				SWIFT_VERSION = 5.0;
				TARGETED_DEVICE_FAMILY = "1,2";
			};
			name = Debug;
		};
		DADBCEDC27424BAF00E5CD51 /* Release */ = {
			isa = XCBuildConfiguration;
			buildSettings = {
				ASSETCATALOG_COMPILER_APPICON_NAME = AppIcon;
				ASSETCATALOG_COMPILER_GLOBAL_ACCENT_COLOR_NAME = AccentColor;
				CODE_SIGN_STYLE = Automatic;
				CURRENT_PROJECT_VERSION = 1;
				DEVELOPMENT_TEAM = 5GK84AB28K;
				GENERATE_INFOPLIST_FILE = YES;
				INFOPLIST_KEY_NSCameraUsageDescription = "Program requires camera to annotate location";
				INFOPLIST_KEY_NSLocationAlwaysUsageDescription = "Program requires GPS to track location";
				INFOPLIST_KEY_NSLocationUsageDescription = "Program requires GPS to track location";
				INFOPLIST_KEY_NSLocationWhenInUseUsageDescription = "Program requires GPS to track location";
				INFOPLIST_KEY_UIApplicationSupportsIndirectInputEvents = YES;
				INFOPLIST_KEY_UILaunchStoryboardName = LaunchScreen;
				INFOPLIST_KEY_UIMainStoryboardFile = Main;
				INFOPLIST_KEY_UIRequiredDeviceCapabilities = arkit;
				INFOPLIST_KEY_UIStatusBarHidden = YES;
				INFOPLIST_KEY_UISupportedInterfaceOrientations_iPad = "UIInterfaceOrientationPortrait UIInterfaceOrientationPortraitUpsideDown UIInterfaceOrientationLandscapeLeft UIInterfaceOrientationLandscapeRight";
				INFOPLIST_KEY_UISupportedInterfaceOrientations_iPhone = "UIInterfaceOrientationPortrait UIInterfaceOrientationLandscapeLeft UIInterfaceOrientationLandscapeRight";
				LD_RUNPATH_SEARCH_PATHS = (
					"$(inherited)",
					"@executable_path/Frameworks",
				);
				MARKETING_VERSION = 1.0;
				PRODUCT_BUNDLE_IDENTIFIER = co.aerialstring.ScavengerHunt;
				PRODUCT_NAME = "$(TARGET_NAME)";
				SWIFT_EMIT_LOC_STRINGS = YES;
				SWIFT_VERSION = 5.0;
				TARGETED_DEVICE_FAMILY = "1,2";
			};
			name = Release;
		};
/* End XCBuildConfiguration section */

/* Begin XCConfigurationList section */
		DADBCEC027424BAD00E5CD51 /* Build configuration list for PBXProject "ScavengerHunt" */ = {
			isa = XCConfigurationList;
			buildConfigurations = (
				DADBCED827424BAF00E5CD51 /* Debug */,
				DADBCED927424BAF00E5CD51 /* Release */,
			);
			defaultConfigurationIsVisible = 0;
			defaultConfigurationName = Release;
		};
		DADBCEDA27424BAF00E5CD51 /* Build configuration list for PBXNativeTarget "ScavengerHunt" */ = {
			isa = XCConfigurationList;
			buildConfigurations = (
				DADBCEDB27424BAF00E5CD51 /* Debug */,
				DADBCEDC27424BAF00E5CD51 /* Release */,
			);
			defaultConfigurationIsVisible = 0;
			defaultConfigurationName = Release;
		};
/* End XCConfigurationList section */

/* Begin XCRemoteSwiftPackageReference section */
		DADBCEDD27424CC600E5CD51 /* XCRemoteSwiftPackageReference "LogStore" */ = {
			isa = XCRemoteSwiftPackageReference;
			repositoryURL = "https://github.com/philmui/LogStore.git";
			requirement = {
				branch = main;
				kind = branch;
			};
		};
/* End XCRemoteSwiftPackageReference section */

/* Begin XCSwiftPackageProductDependency section */
		DADBCEDE27424CC600E5CD51 /* LogStore */ = {
			isa = XCSwiftPackageProductDependency;
			package = DADBCEDD27424CC600E5CD51 /* XCRemoteSwiftPackageReference "LogStore" */;
			productName = LogStore;
		};
/* End XCSwiftPackageProductDependency section */
	};
	rootObject = DADBCEBD27424BAD00E5CD51 /* Project object */;
}
